// !$*UTF8*$!
{
	archiveVersion = 1;
	classes = {
	};
	objectVersion = 50;
	objects = {

/* Begin PBXBuildFile section */
		0F43193B2447DCAB00119647 /* biscoito13.pdf in Resources */ = {isa = PBXBuildFile; fileRef = 0F4319262447DCAB00119647 /* biscoito13.pdf */; };
		0F43193D2447DCAB00119647 /* biscoito18.pdf in Resources */ = {isa = PBXBuildFile; fileRef = 0F4319282447DCAB00119647 /* biscoito18.pdf */; };
		0F4319402447DCAB00119647 /* biscoito11.pdf in Resources */ = {isa = PBXBuildFile; fileRef = 0F43192B2447DCAB00119647 /* biscoito11.pdf */; };
		0F4319412447DCAB00119647 /* biscoito16.pdf in Resources */ = {isa = PBXBuildFile; fileRef = 0F43192C2447DCAB00119647 /* biscoito16.pdf */; };
		0F4319422447DCAB00119647 /* biscoito17.pdf in Resources */ = {isa = PBXBuildFile; fileRef = 0F43192D2447DCAB00119647 /* biscoito17.pdf */; };
		0F4319432447DCAB00119647 /* biscoito10.pdf in Resources */ = {isa = PBXBuildFile; fileRef = 0F43192E2447DCAB00119647 /* biscoito10.pdf */; };
		0F4319462447DCAB00119647 /* biscoito21.pdf in Resources */ = {isa = PBXBuildFile; fileRef = 0F4319312447DCAB00119647 /* biscoito21.pdf */; };
		0F4319482447DCAB00119647 /* biscoito15.pdf in Resources */ = {isa = PBXBuildFile; fileRef = 0F4319332447DCAB00119647 /* biscoito15.pdf */; };
		0F43194B2447DCAB00119647 /* biscoito12.pdf in Resources */ = {isa = PBXBuildFile; fileRef = 0F4319362447DCAB00119647 /* biscoito12.pdf */; };
		0F43194D2447DCAB00119647 /* biscoito14.pdf in Resources */ = {isa = PBXBuildFile; fileRef = 0F4319382447DCAB00119647 /* biscoito14.pdf */; };
		0F43194E2447DCAB00119647 /* biscoito19.pdf in Resources */ = {isa = PBXBuildFile; fileRef = 0F4319392447DCAB00119647 /* biscoito19.pdf */; };
		0F43194F2447DCAB00119647 /* biscoito20.pdf in Resources */ = {isa = PBXBuildFile; fileRef = 0F43193A2447DCAB00119647 /* biscoito20.pdf */; };
		0F4319592447DE4600119647 /* biscoito3.pdf in Resources */ = {isa = PBXBuildFile; fileRef = 0F4319502447DE4500119647 /* biscoito3.pdf */; };
		0F43195A2447DE4600119647 /* biscoito6.pdf in Resources */ = {isa = PBXBuildFile; fileRef = 0F4319512447DE4500119647 /* biscoito6.pdf */; };
		0F43195B2447DE4600119647 /* biscoito1.pdf in Resources */ = {isa = PBXBuildFile; fileRef = 0F4319522447DE4500119647 /* biscoito1.pdf */; };
		0F43195C2447DE4600119647 /* biscoito5.pdf in Resources */ = {isa = PBXBuildFile; fileRef = 0F4319532447DE4500119647 /* biscoito5.pdf */; };
		0F43195D2447DE4600119647 /* biscoito9.pdf in Resources */ = {isa = PBXBuildFile; fileRef = 0F4319542447DE4500119647 /* biscoito9.pdf */; };
		0F43195E2447DE4600119647 /* biscoito4.pdf in Resources */ = {isa = PBXBuildFile; fileRef = 0F4319552447DE4600119647 /* biscoito4.pdf */; };
		0F43195F2447DE4600119647 /* biscoito8.pdf in Resources */ = {isa = PBXBuildFile; fileRef = 0F4319562447DE4600119647 /* biscoito8.pdf */; };
		0F4319602447DE4600119647 /* biscoito2.pdf in Resources */ = {isa = PBXBuildFile; fileRef = 0F4319572447DE4600119647 /* biscoito2.pdf */; };
		0F4319612447DE4600119647 /* biscoito7.pdf in Resources */ = {isa = PBXBuildFile; fileRef = 0F4319582447DE4600119647 /* biscoito7.pdf */; };
		0FCEA42A244787BF004E12BD /* AppDelegate.swift in Sources */ = {isa = PBXBuildFile; fileRef = 0FCEA429244787BF004E12BD /* AppDelegate.swift */; };
		0FCEA42C244787BF004E12BD /* SceneDelegate.swift in Sources */ = {isa = PBXBuildFile; fileRef = 0FCEA42B244787BF004E12BD /* SceneDelegate.swift */; };
		0FCEA42E244787BF004E12BD /* ViewController.swift in Sources */ = {isa = PBXBuildFile; fileRef = 0FCEA42D244787BF004E12BD /* ViewController.swift */; };
		0FCEA431244787BF004E12BD /* Main.storyboard in Resources */ = {isa = PBXBuildFile; fileRef = 0FCEA42F244787BF004E12BD /* Main.storyboard */; };
		0FCEA433244787C1004E12BD /* Assets.xcassets in Resources */ = {isa = PBXBuildFile; fileRef = 0FCEA432244787C1004E12BD /* Assets.xcassets */; };
		0FCEA436244787C1004E12BD /* LaunchScreen.storyboard in Resources */ = {isa = PBXBuildFile; fileRef = 0FCEA434244787C1004E12BD /* LaunchScreen.storyboard */; };
/* End PBXBuildFile section */

/* Begin PBXFileReference section */
		0F4319262447DCAB00119647 /* biscoito13.pdf */ = {isa = PBXFileReference; lastKnownFileType = image.pdf; name = biscoito13.pdf; path = ../../../../../Sprites/biscoito13.pdf; sourceTree = "<group>"; };
		0F4319282447DCAB00119647 /* biscoito18.pdf */ = {isa = PBXFileReference; lastKnownFileType = image.pdf; name = biscoito18.pdf; path = ../../../../../Sprites/biscoito18.pdf; sourceTree = "<group>"; };
		0F43192B2447DCAB00119647 /* biscoito11.pdf */ = {isa = PBXFileReference; lastKnownFileType = image.pdf; name = biscoito11.pdf; path = ../../../../../Sprites/biscoito11.pdf; sourceTree = "<group>"; };
		0F43192C2447DCAB00119647 /* biscoito16.pdf */ = {isa = PBXFileReference; lastKnownFileType = image.pdf; name = biscoito16.pdf; path = ../../../../../Sprites/biscoito16.pdf; sourceTree = "<group>"; };
		0F43192D2447DCAB00119647 /* biscoito17.pdf */ = {isa = PBXFileReference; lastKnownFileType = image.pdf; name = biscoito17.pdf; path = ../../../../../Sprites/biscoito17.pdf; sourceTree = "<group>"; };
		0F43192E2447DCAB00119647 /* biscoito10.pdf */ = {isa = PBXFileReference; lastKnownFileType = image.pdf; name = biscoito10.pdf; path = ../../../../../Sprites/biscoito10.pdf; sourceTree = "<group>"; };
		0F4319312447DCAB00119647 /* biscoito21.pdf */ = {isa = PBXFileReference; lastKnownFileType = image.pdf; name = biscoito21.pdf; path = ../../../../../Sprites/biscoito21.pdf; sourceTree = "<group>"; };
		0F4319332447DCAB00119647 /* biscoito15.pdf */ = {isa = PBXFileReference; lastKnownFileType = image.pdf; name = biscoito15.pdf; path = ../../../../../Sprites/biscoito15.pdf; sourceTree = "<group>"; };
		0F4319362447DCAB00119647 /* biscoito12.pdf */ = {isa = PBXFileReference; lastKnownFileType = image.pdf; name = biscoito12.pdf; path = ../../../../../Sprites/biscoito12.pdf; sourceTree = "<group>"; };
		0F4319382447DCAB00119647 /* biscoito14.pdf */ = {isa = PBXFileReference; lastKnownFileType = image.pdf; name = biscoito14.pdf; path = ../../../../../Sprites/biscoito14.pdf; sourceTree = "<group>"; };
		0F4319392447DCAB00119647 /* biscoito19.pdf */ = {isa = PBXFileReference; lastKnownFileType = image.pdf; name = biscoito19.pdf; path = ../../../../../Sprites/biscoito19.pdf; sourceTree = "<group>"; };
		0F43193A2447DCAB00119647 /* biscoito20.pdf */ = {isa = PBXFileReference; lastKnownFileType = image.pdf; name = biscoito20.pdf; path = ../../../../../Sprites/biscoito20.pdf; sourceTree = "<group>"; };
		0F4319502447DE4500119647 /* biscoito3.pdf */ = {isa = PBXFileReference; lastKnownFileType = image.pdf; name = biscoito3.pdf; path = ../../../../../Sprites/biscoito3.pdf; sourceTree = "<group>"; };
		0F4319512447DE4500119647 /* biscoito6.pdf */ = {isa = PBXFileReference; lastKnownFileType = image.pdf; name = biscoito6.pdf; path = ../../../../../Sprites/biscoito6.pdf; sourceTree = "<group>"; };
		0F4319522447DE4500119647 /* biscoito1.pdf */ = {isa = PBXFileReference; lastKnownFileType = image.pdf; name = biscoito1.pdf; path = ../../../../../Sprites/biscoito1.pdf; sourceTree = "<group>"; };
		0F4319532447DE4500119647 /* biscoito5.pdf */ = {isa = PBXFileReference; lastKnownFileType = image.pdf; name = biscoito5.pdf; path = ../../../../../Sprites/biscoito5.pdf; sourceTree = "<group>"; };
		0F4319542447DE4500119647 /* biscoito9.pdf */ = {isa = PBXFileReference; lastKnownFileType = image.pdf; name = biscoito9.pdf; path = ../../../../../Sprites/biscoito9.pdf; sourceTree = "<group>"; };
		0F4319552447DE4600119647 /* biscoito4.pdf */ = {isa = PBXFileReference; lastKnownFileType = image.pdf; name = biscoito4.pdf; path = ../../../../../Sprites/biscoito4.pdf; sourceTree = "<group>"; };
		0F4319562447DE4600119647 /* biscoito8.pdf */ = {isa = PBXFileReference; lastKnownFileType = image.pdf; name = biscoito8.pdf; path = ../../../../../Sprites/biscoito8.pdf; sourceTree = "<group>"; };
		0F4319572447DE4600119647 /* biscoito2.pdf */ = {isa = PBXFileReference; lastKnownFileType = image.pdf; name = biscoito2.pdf; path = ../../../../../Sprites/biscoito2.pdf; sourceTree = "<group>"; };
		0F4319582447DE4600119647 /* biscoito7.pdf */ = {isa = PBXFileReference; lastKnownFileType = image.pdf; name = biscoito7.pdf; path = ../../../../../Sprites/biscoito7.pdf; sourceTree = "<group>"; };
		0FCEA426244787BF004E12BD /* Inanotilidade.app */ = {isa = PBXFileReference; explicitFileType = wrapper.application; includeInIndex = 0; path = Inanotilidade.app; sourceTree = BUILT_PRODUCTS_DIR; };
		0FCEA429244787BF004E12BD /* AppDelegate.swift */ = {isa = PBXFileReference; lastKnownFileType = sourcecode.swift; path = AppDelegate.swift; sourceTree = "<group>"; };
		0FCEA42B244787BF004E12BD /* SceneDelegate.swift */ = {isa = PBXFileReference; lastKnownFileType = sourcecode.swift; path = SceneDelegate.swift; sourceTree = "<group>"; };
		0FCEA42D244787BF004E12BD /* ViewController.swift */ = {isa = PBXFileReference; lastKnownFileType = sourcecode.swift; path = ViewController.swift; sourceTree = "<group>"; };
		0FCEA430244787BF004E12BD /* Base */ = {isa = PBXFileReference; lastKnownFileType = file.storyboard; name = Base; path = Base.lproj/Main.storyboard; sourceTree = "<group>"; };
		0FCEA432244787C1004E12BD /* Assets.xcassets */ = {isa = PBXFileReference; lastKnownFileType = folder.assetcatalog; path = Assets.xcassets; sourceTree = "<group>"; };
		0FCEA435244787C1004E12BD /* Base */ = {isa = PBXFileReference; lastKnownFileType = file.storyboard; name = Base; path = Base.lproj/LaunchScreen.storyboard; sourceTree = "<group>"; };
		0FCEA437244787C1004E12BD /* Info.plist */ = {isa = PBXFileReference; lastKnownFileType = text.plist.xml; path = Info.plist; sourceTree = "<group>"; };
/* End PBXFileReference section */

/* Begin PBXFrameworksBuildPhase section */
		0FCEA423244787BF004E12BD /* Frameworks */ = {
			isa = PBXFrameworksBuildPhase;
			buildActionMask = 2147483647;
			files = (
			);
			runOnlyForDeploymentPostprocessing = 0;
		};
/* End PBXFrameworksBuildPhase section */

/* Begin PBXGroup section */
		0FCEA41D244787BF004E12BD = {
			isa = PBXGroup;
			children = (
				0FCEA428244787BF004E12BD /* Inanotilidade */,
				0FCEA427244787BF004E12BD /* Products */,
			);
			sourceTree = "<group>";
		};
		0FCEA427244787BF004E12BD /* Products */ = {
			isa = PBXGroup;
			children = (
				0FCEA426244787BF004E12BD /* Inanotilidade.app */,
			);
			name = Products;
			sourceTree = "<group>";
		};
		0FCEA428244787BF004E12BD /* Inanotilidade */ = {
			isa = PBXGroup;
			children = (
				0FCEA43D2447A79B004E12BD /* Sprites */,
				0FCEA429244787BF004E12BD /* AppDelegate.swift */,
				0FCEA42B244787BF004E12BD /* SceneDelegate.swift */,
				0FCEA42D244787BF004E12BD /* ViewController.swift */,
				0FCEA42F244787BF004E12BD /* Main.storyboard */,
				0FCEA432244787C1004E12BD /* Assets.xcassets */,
				0FCEA434244787C1004E12BD /* LaunchScreen.storyboard */,
				0FCEA437244787C1004E12BD /* Info.plist */,
			);
			path = Inanotilidade;
			sourceTree = "<group>";
		};
		0FCEA43D2447A79B004E12BD /* Sprites */ = {
			isa = PBXGroup;
			children = (
				0FCEA43E2447A7A9004E12BD /* Biscoito */,
			);
			path = Sprites;
			sourceTree = "<group>";
		};
		0FCEA43E2447A7A9004E12BD /* Biscoito */ = {
			isa = PBXGroup;
			children = (
				0F4319522447DE4500119647 /* biscoito1.pdf */,
				0F4319572447DE4600119647 /* biscoito2.pdf */,
				0F4319502447DE4500119647 /* biscoito3.pdf */,
				0F4319552447DE4600119647 /* biscoito4.pdf */,
				0F4319532447DE4500119647 /* biscoito5.pdf */,
				0F4319512447DE4500119647 /* biscoito6.pdf */,
				0F4319582447DE4600119647 /* biscoito7.pdf */,
				0F4319562447DE4600119647 /* biscoito8.pdf */,
				0F4319542447DE4500119647 /* biscoito9.pdf */,
				0F43192E2447DCAB00119647 /* biscoito10.pdf */,
				0F43192B2447DCAB00119647 /* biscoito11.pdf */,
				0F4319362447DCAB00119647 /* biscoito12.pdf */,
				0F4319262447DCAB00119647 /* biscoito13.pdf */,
				0F4319382447DCAB00119647 /* biscoito14.pdf */,
				0F4319332447DCAB00119647 /* biscoito15.pdf */,
				0F43192C2447DCAB00119647 /* biscoito16.pdf */,
				0F43192D2447DCAB00119647 /* biscoito17.pdf */,
				0F4319282447DCAB00119647 /* biscoito18.pdf */,
				0F4319392447DCAB00119647 /* biscoito19.pdf */,
				0F43193A2447DCAB00119647 /* biscoito20.pdf */,
				0F4319312447DCAB00119647 /* biscoito21.pdf */,
			);
			path = Biscoito;
			sourceTree = "<group>";
		};
/* End PBXGroup section */

/* Begin PBXNativeTarget section */
		0FCEA425244787BF004E12BD /* Inanotilidade */ = {
			isa = PBXNativeTarget;
			buildConfigurationList = 0FCEA43A244787C1004E12BD /* Build configuration list for PBXNativeTarget "Inanotilidade" */;
			buildPhases = (
				0FCEA422244787BF004E12BD /* Sources */,
				0FCEA423244787BF004E12BD /* Frameworks */,
				0FCEA424244787BF004E12BD /* Resources */,
			);
			buildRules = (
			);
			dependencies = (
			);
			name = Inanotilidade;
			productName = Inanotilidade;
			productReference = 0FCEA426244787BF004E12BD /* Inanotilidade.app */;
			productType = "com.apple.product-type.application";
		};
/* End PBXNativeTarget section */

/* Begin PBXProject section */
		0FCEA41E244787BF004E12BD /* Project object */ = {
			isa = PBXProject;
			attributes = {
				LastSwiftUpdateCheck = 1140;
				LastUpgradeCheck = 1140;
				ORGANIZATIONNAME = "Juliana Vigato Pavan";
				TargetAttributes = {
					0FCEA425244787BF004E12BD = {
						CreatedOnToolsVersion = 11.4;
					};
				};
			};
			buildConfigurationList = 0FCEA421244787BF004E12BD /* Build configuration list for PBXProject "Inanotilidade" */;
			compatibilityVersion = "Xcode 9.3";
			developmentRegion = en;
			hasScannedForEncodings = 0;
			knownRegions = (
				en,
				Base,
			);
			mainGroup = 0FCEA41D244787BF004E12BD;
			productRefGroup = 0FCEA427244787BF004E12BD /* Products */;
			projectDirPath = "";
			projectRoot = "";
			targets = (
				0FCEA425244787BF004E12BD /* Inanotilidade */,
			);
		};
/* End PBXProject section */

/* Begin PBXResourcesBuildPhase section */
		0FCEA424244787BF004E12BD /* Resources */ = {
			isa = PBXResourcesBuildPhase;
			buildActionMask = 2147483647;
			files = (
				0FCEA436244787C1004E12BD /* LaunchScreen.storyboard in Resources */,
				0F43194B2447DCAB00119647 /* biscoito12.pdf in Resources */,
				0F43195D2447DE4600119647 /* biscoito9.pdf in Resources */,
				0F4319462447DCAB00119647 /* biscoito21.pdf in Resources */,
				0F4319412447DCAB00119647 /* biscoito16.pdf in Resources */,
				0F4319602447DE4600119647 /* biscoito2.pdf in Resources */,
				0F4319592447DE4600119647 /* biscoito3.pdf in Resources */,
				0F4319402447DCAB00119647 /* biscoito11.pdf in Resources */,
				0FCEA433244787C1004E12BD /* Assets.xcassets in Resources */,
				0F43195C2447DE4600119647 /* biscoito5.pdf in Resources */,
				0F43195F2447DE4600119647 /* biscoito8.pdf in Resources */,
				0F43193B2447DCAB00119647 /* biscoito13.pdf in Resources */,
				0F4319432447DCAB00119647 /* biscoito10.pdf in Resources */,
				0FCEA431244787BF004E12BD /* Main.storyboard in Resources */,
				0F43195B2447DE4600119647 /* biscoito1.pdf in Resources */,
				0F43195E2447DE4600119647 /* biscoito4.pdf in Resources */,
				0F4319612447DE4600119647 /* biscoito7.pdf in Resources */,
				0F43194E2447DCAB00119647 /* biscoito19.pdf in Resources */,
				0F4319482447DCAB00119647 /* biscoito15.pdf in Resources */,
				0F43193D2447DCAB00119647 /* biscoito18.pdf in Resources */,
				0F43195A2447DE4600119647 /* biscoito6.pdf in Resources */,
				0F4319422447DCAB00119647 /* biscoito17.pdf in Resources */,
				0F43194F2447DCAB00119647 /* biscoito20.pdf in Resources */,
				0F43194D2447DCAB00119647 /* biscoito14.pdf in Resources */,
			);
			runOnlyForDeploymentPostprocessing = 0;
		};
/* End PBXResourcesBuildPhase section */

/* Begin PBXSourcesBuildPhase section */
		0FCEA422244787BF004E12BD /* Sources */ = {
			isa = PBXSourcesBuildPhase;
			buildActionMask = 2147483647;
			files = (
				0FCEA42E244787BF004E12BD /* ViewController.swift in Sources */,
				0FCEA42A244787BF004E12BD /* AppDelegate.swift in Sources */,
				0FCEA42C244787BF004E12BD /* SceneDelegate.swift in Sources */,
			);
			runOnlyForDeploymentPostprocessing = 0;
		};
/* End PBXSourcesBuildPhase section */

/* Begin PBXVariantGroup section */
		0FCEA42F244787BF004E12BD /* Main.storyboard */ = {
			isa = PBXVariantGroup;
			children = (
				0FCEA430244787BF004E12BD /* Base */,
			);
			name = Main.storyboard;
			sourceTree = "<group>";
		};
		0FCEA434244787C1004E12BD /* LaunchScreen.storyboard */ = {
			isa = PBXVariantGroup;
			children = (
				0FCEA435244787C1004E12BD /* Base */,
			);
			name = LaunchScreen.storyboard;
			sourceTree = "<group>";
		};
/* End PBXVariantGroup section */

/* Begin XCBuildConfiguration section */
		0FCEA438244787C1004E12BD /* Debug */ = {
			isa = XCBuildConfiguration;
			buildSettings = {
				ALWAYS_SEARCH_USER_PATHS = NO;
				CLANG_ANALYZER_NONNULL = YES;
				CLANG_ANALYZER_NUMBER_OBJECT_CONVERSION = YES_AGGRESSIVE;
				CLANG_CXX_LANGUAGE_STANDARD = "gnu++14";
				CLANG_CXX_LIBRARY = "libc++";
				CLANG_ENABLE_MODULES = YES;
				CLANG_ENABLE_OBJC_ARC = YES;
				CLANG_ENABLE_OBJC_WEAK = YES;
				CLANG_WARN_BLOCK_CAPTURE_AUTORELEASING = YES;
				CLANG_WARN_BOOL_CONVERSION = YES;
				CLANG_WARN_COMMA = YES;
				CLANG_WARN_CONSTANT_CONVERSION = YES;
				CLANG_WARN_DEPRECATED_OBJC_IMPLEMENTATIONS = YES;
				CLANG_WARN_DIRECT_OBJC_ISA_USAGE = YES_ERROR;
				CLANG_WARN_DOCUMENTATION_COMMENTS = YES;
				CLANG_WARN_EMPTY_BODY = YES;
				CLANG_WARN_ENUM_CONVERSION = YES;
				CLANG_WARN_INFINITE_RECURSION = YES;
				CLANG_WARN_INT_CONVERSION = YES;
				CLANG_WARN_NON_LITERAL_NULL_CONVERSION = YES;
				CLANG_WARN_OBJC_IMPLICIT_RETAIN_SELF = YES;
				CLANG_WARN_OBJC_LITERAL_CONVERSION = YES;
				CLANG_WARN_OBJC_ROOT_CLASS = YES_ERROR;
				CLANG_WARN_RANGE_LOOP_ANALYSIS = YES;
				CLANG_WARN_STRICT_PROTOTYPES = YES;
				CLANG_WARN_SUSPICIOUS_MOVE = YES;
				CLANG_WARN_UNGUARDED_AVAILABILITY = YES_AGGRESSIVE;
				CLANG_WARN_UNREACHABLE_CODE = YES;
				CLANG_WARN__DUPLICATE_METHOD_MATCH = YES;
				COPY_PHASE_STRIP = NO;
				DEBUG_INFORMATION_FORMAT = dwarf;
				ENABLE_STRICT_OBJC_MSGSEND = YES;
				ENABLE_TESTABILITY = YES;
				GCC_C_LANGUAGE_STANDARD = gnu11;
				GCC_DYNAMIC_NO_PIC = NO;
				GCC_NO_COMMON_BLOCKS = YES;
				GCC_OPTIMIZATION_LEVEL = 0;
				GCC_PREPROCESSOR_DEFINITIONS = (
					"DEBUG=1",
					"$(inherited)",
				);
				GCC_WARN_64_TO_32_BIT_CONVERSION = YES;
				GCC_WARN_ABOUT_RETURN_TYPE = YES_ERROR;
				GCC_WARN_UNDECLARED_SELECTOR = YES;
				GCC_WARN_UNINITIALIZED_AUTOS = YES_AGGRESSIVE;
				GCC_WARN_UNUSED_FUNCTION = YES;
				GCC_WARN_UNUSED_VARIABLE = YES;
				IPHONEOS_DEPLOYMENT_TARGET = 13.4;
				MTL_ENABLE_DEBUG_INFO = INCLUDE_SOURCE;
				MTL_FAST_MATH = YES;
				ONLY_ACTIVE_ARCH = YES;
				SDKROOT = iphoneos;
				SWIFT_ACTIVE_COMPILATION_CONDITIONS = DEBUG;
				SWIFT_OPTIMIZATION_LEVEL = "-Onone";
			};
			name = Debug;
		};
		0FCEA439244787C1004E12BD /* Release */ = {
			isa = XCBuildConfiguration;
			buildSettings = {
				ALWAYS_SEARCH_USER_PATHS = NO;
				CLANG_ANALYZER_NONNULL = YES;
				CLANG_ANALYZER_NUMBER_OBJECT_CONVERSION = YES_AGGRESSIVE;
				CLANG_CXX_LANGUAGE_STANDARD = "gnu++14";
				CLANG_CXX_LIBRARY = "libc++";
				CLANG_ENABLE_MODULES = YES;
				CLANG_ENABLE_OBJC_ARC = YES;
				CLANG_ENABLE_OBJC_WEAK = YES;
				CLANG_WARN_BLOCK_CAPTURE_AUTORELEASING = YES;
				CLANG_WARN_BOOL_CONVERSION = YES;
				CLANG_WARN_COMMA = YES;
				CLANG_WARN_CONSTANT_CONVERSION = YES;
				CLANG_WARN_DEPRECATED_OBJC_IMPLEMENTATIONS = YES;
				CLANG_WARN_DIRECT_OBJC_ISA_USAGE = YES_ERROR;
				CLANG_WARN_DOCUMENTATION_COMMENTS = YES;
				CLANG_WARN_EMPTY_BODY = YES;
				CLANG_WARN_ENUM_CONVERSION = YES;
				CLANG_WARN_INFINITE_RECURSION = YES;
				CLANG_WARN_INT_CONVERSION = YES;
				CLANG_WARN_NON_LITERAL_NULL_CONVERSION = YES;
				CLANG_WARN_OBJC_IMPLICIT_RETAIN_SELF = YES;
				CLANG_WARN_OBJC_LITERAL_CONVERSION = YES;
				CLANG_WARN_OBJC_ROOT_CLASS = YES_ERROR;
				CLANG_WARN_RANGE_LOOP_ANALYSIS = YES;
				CLANG_WARN_STRICT_PROTOTYPES = YES;
				CLANG_WARN_SUSPICIOUS_MOVE = YES;
				CLANG_WARN_UNGUARDED_AVAILABILITY = YES_AGGRESSIVE;
				CLANG_WARN_UNREACHABLE_CODE = YES;
				CLANG_WARN__DUPLICATE_METHOD_MATCH = YES;
				COPY_PHASE_STRIP = NO;
				DEBUG_INFORMATION_FORMAT = "dwarf-with-dsym";
				ENABLE_NS_ASSERTIONS = NO;
				ENABLE_STRICT_OBJC_MSGSEND = YES;
				GCC_C_LANGUAGE_STANDARD = gnu11;
				GCC_NO_COMMON_BLOCKS = YES;
				GCC_WARN_64_TO_32_BIT_CONVERSION = YES;
				GCC_WARN_ABOUT_RETURN_TYPE = YES_ERROR;
				GCC_WARN_UNDECLARED_SELECTOR = YES;
				GCC_WARN_UNINITIALIZED_AUTOS = YES_AGGRESSIVE;
				GCC_WARN_UNUSED_FUNCTION = YES;
				GCC_WARN_UNUSED_VARIABLE = YES;
				IPHONEOS_DEPLOYMENT_TARGET = 13.4;
				MTL_ENABLE_DEBUG_INFO = NO;
				MTL_FAST_MATH = YES;
				SDKROOT = iphoneos;
				SWIFT_COMPILATION_MODE = wholemodule;
				SWIFT_OPTIMIZATION_LEVEL = "-O";
				VALIDATE_PRODUCT = YES;
			};
			name = Release;
		};
		0FCEA43B244787C1004E12BD /* Debug */ = {
			isa = XCBuildConfiguration;
			buildSettings = {
				ASSETCATALOG_COMPILER_APPICON_NAME = AppIcon;
				CODE_SIGN_STYLE = Automatic;
				DEVELOPMENT_TEAM = BSH4XC9RT9;
				INFOPLIST_FILE = Inanotilidade/Info.plist;
				LD_RUNPATH_SEARCH_PATHS = (
					"$(inherited)",
					"@executable_path/Frameworks",
				);
				PRODUCT_BUNDLE_IDENTIFIER = com.vigato.Inanotilidade;
				PRODUCT_NAME = "$(TARGET_NAME)";
				SWIFT_VERSION = 5.0;
				TARGETED_DEVICE_FAMILY = "1,2";
			};
			name = Debug;
		};
		0FCEA43C244787C1004E12BD /* Release */ = {
			isa = XCBuildConfiguration;
			buildSettings = {
				ASSETCATALOG_COMPILER_APPICON_NAME = AppIcon;
				CODE_SIGN_STYLE = Automatic;
				DEVELOPMENT_TEAM = BSH4XC9RT9;
				INFOPLIST_FILE = Inanotilidade/Info.plist;
				LD_RUNPATH_SEARCH_PATHS = (
					"$(inherited)",
					"@executable_path/Frameworks",
				);
				PRODUCT_BUNDLE_IDENTIFIER = com.vigato.Inanotilidade;
				PRODUCT_NAME = "$(TARGET_NAME)";
				SWIFT_VERSION = 5.0;
				TARGETED_DEVICE_FAMILY = "1,2";
			};
			name = Release;
		};
/* End XCBuildConfiguration section */

/* Begin XCConfigurationList section */
		0FCEA421244787BF004E12BD /* Build configuration list for PBXProject "Inanotilidade" */ = {
			isa = XCConfigurationList;
			buildConfigurations = (
				0FCEA438244787C1004E12BD /* Debug */,
				0FCEA439244787C1004E12BD /* Release */,
			);
			defaultConfigurationIsVisible = 0;
			defaultConfigurationName = Release;
		};
		0FCEA43A244787C1004E12BD /* Build configuration list for PBXNativeTarget "Inanotilidade" */ = {
			isa = XCConfigurationList;
			buildConfigurations = (
				0FCEA43B244787C1004E12BD /* Debug */,
				0FCEA43C244787C1004E12BD /* Release */,
			);
			defaultConfigurationIsVisible = 0;
			defaultConfigurationName = Release;
		};
/* End XCConfigurationList section */
	};
	rootObject = 0FCEA41E244787BF004E12BD /* Project object */;
}
